<?xml version="1.0" encoding="utf-8"?>
<Project ToolsVersion="4.0" xmlns="http://schemas.microsoft.com/developer/msbuild/2003">
  <ItemGroup>
    <ClCompile Include="..\src\main.cpp" />
    <ClCompile Include="..\src\mge\behaviours\AbstractBehaviour.cpp" />
    <ClCompile Include="..\src\mge\behaviours\CameraMovementBehaviour.cpp" />
    <ClCompile Include="..\src\mge\behaviours\PlayerBehaviour.cpp" />
    <ClCompile Include="..\src\mge\behaviours\LuaScripts\LuaPlayer.cpp" />
    <ClCompile Include="..\src\mge\behaviours\LuaScripts\LuaScript.cpp" />
    <ClCompile Include="..\src\mge\behaviours\RotatingBehaviour.cpp" />
    <ClCompile Include="..\src\mge\core\AbstractGame.cpp" />
    <ClCompile Include="..\src\mge\core\Camera.cpp" />
    <ClCompile Include="..\src\mge\core\GameObject.cpp" />
    <ClCompile Include="..\src\mge\core\Light.cpp" />
    <ClCompile Include="..\src\mge\core\Mesh.cpp" />
    <ClCompile Include="..\src\mge\core\Renderer.cpp" />
    <ClCompile Include="..\src\mge\core\ShaderProgram.cpp" />
    <ClCompile Include="..\src\mge\core\Texture.cpp" />
    <ClCompile Include="..\src\mge\core\World.cpp" />
    <ClCompile Include="..\src\mge\DodgerGame.cpp" />
    <ClCompile Include="..\src\mge\LoadDodgerScene.cpp" />
    <ClCompile Include="..\src\mge\materials\AbstractMaterial.cpp" />
    <ClCompile Include="..\src\mge\materials\ColorMaterial.cpp" />
    <ClCompile Include="..\src\mge\materials\TextureMaterial.cpp" />
    <ClCompile Include="..\src\mge\MGEDemo.cpp" />
    <ClCompile Include="..\src\mge\util\DebugHud.cpp" />
    <ClCompile Include="..\src\mge\behaviours\UpMovementBehaviour.cpp" />
    <ClCompile Include="custom\BoxCollider.cpp" />
    <ClCompile Include="..\src\mge\behaviours\BulletBehaviour.cpp" />
  </ItemGroup>
  <ItemGroup>
    <ClInclude Include="..\src\glm.hpp" />
    <ClInclude Include="..\src\mge\behaviours\AbstractBehaviour.hpp" />
    <ClInclude Include="..\src\mge\behaviours\CameraMovementBehaviour.h" />
    <ClInclude Include="..\src\mge\behaviours\PlayerBehaviour.hpp" />
    <ClInclude Include="..\src\mge\behaviours\LuaScripts\LuaPlayer.hpp" />
    <ClInclude Include="..\src\mge\behaviours\LuaScripts\LuaScript.hpp" />
    <ClInclude Include="..\src\mge\behaviours\RotatingBehaviour.hpp" />
    <ClInclude Include="..\src\mge\config.hpp" />
    <ClInclude Include="..\src\mge\core\AbstractGame.hpp" />
    <ClInclude Include="..\src\mge\core\Camera.hpp" />
    <ClInclude Include="..\src\mge\core\GameObject.hpp" />
    <ClInclude Include="..\src\mge\core\Light.hpp" />
    <ClInclude Include="..\src\mge\core\Mesh.hpp" />
    <ClInclude Include="..\src\mge\core\Renderer.hpp" />
    <ClInclude Include="..\src\mge\core\ShaderProgram.hpp" />
    <ClInclude Include="..\src\mge\core\Texture.hpp" />
    <ClInclude Include="..\src\mge\core\World.hpp" />
    <ClInclude Include="..\src\mge\DodgerGame.hpp" />
    <ClInclude Include="..\src\mge\LoadDodgerScene.hpp" />
    <ClInclude Include="..\src\mge\materials\AbstractMaterial.hpp" />
    <ClInclude Include="..\src\mge\materials\ColorMaterial.hpp" />
    <ClInclude Include="..\src\mge\materials\TextureMaterial.hpp" />
    <ClInclude Include="..\src\mge\MGEDemo.hpp" />
    <ClInclude Include="..\src\mge\util\DebugHud.hpp" />
    <ClInclude Include="..\src\mge\behaviours\UpMovementBehaviour.h" />
    <ClInclude Include="custom\BoxCollider.h" />
    <ClInclude Include="..\src\mge\behaviours\BulletBehaviour.hpp" />
  </ItemGroup>
  <ItemGroup>
    <Xml Include="..\src\mge\scene.xml" />
  </ItemGroup>
</Project>